
Microsoft Visual Studio Solution File, Format Version 11.00
# Visual Studio 2010
Project("{FAE04EC0-301F-11D3-BF4B-00C04F79EFBC}") = "IMR-patient", "IMR-patient\IMR-patient.csproj", "{E05C0B1C-9D18-4B07-B6B7-731ABD97BEB3}"
EndProject
Project("{FAE04EC0-301F-11D3-BF4B-00C04F79EFBC}") = "fastJSON", "..\..\..\charp\clients\monoCHARP\fastJSON\fastJSON.csproj", "{207E91B1-C9F8-4913-88E1-3549EF5F3273}"
EndProject
Project("{FAE04EC0-301F-11D3-BF4B-00C04F79EFBC}") = "monoCHARP", "..\..\..\charp\clients\monoCHARP\monoCHARP\monoCHARP.csproj", "{7DE14CEC-61E3-46F4-9CB3-C367DA555044}"
EndProject
Project("{FAE04EC0-301F-11D3-BF4B-00C04F79EFBC}") = "monoCHARP-gtk", "..\..\..\charp\clients\monoCHARP\monoCHARP-gtk\monoCHARP-gtk.csproj", "{B61CFDEB-4C4E-46BC-BEC6-8C3E71C0EA5A}"
EndProject
Project("{FAE04EC0-301F-11D3-BF4B-00C04F79EFBC}") = "Radionic", "Radionic\Radionic.csproj", "{A3CEFB0C-909A-465B-A4F2-FF9350B780AD}"
EndProject
Global
	GlobalSection(SolutionConfigurationPlatforms) = preSolution
		Debug|x86 = Debug|x86
		Release|x86 = Release|x86
	EndGlobalSection
	GlobalSection(ProjectConfigurationPlatforms) = postSolution
		{207E91B1-C9F8-4913-88E1-3549EF5F3273}.Debug|x86.ActiveCfg = Debug|Any CPU
		{207E91B1-C9F8-4913-88E1-3549EF5F3273}.Debug|x86.Build.0 = Debug|Any CPU
		{207E91B1-C9F8-4913-88E1-3549EF5F3273}.Release|x86.ActiveCfg = Release|Any CPU
		{207E91B1-C9F8-4913-88E1-3549EF5F3273}.Release|x86.Build.0 = Release|Any CPU
		{7DE14CEC-61E3-46F4-9CB3-C367DA555044}.Debug|x86.ActiveCfg = Debug|Any CPU
		{7DE14CEC-61E3-46F4-9CB3-C367DA555044}.Debug|x86.Build.0 = Debug|Any CPU
		{7DE14CEC-61E3-46F4-9CB3-C367DA555044}.Release|x86.ActiveCfg = Release|Any CPU
		{7DE14CEC-61E3-46F4-9CB3-C367DA555044}.Release|x86.Build.0 = Release|Any CPU
		{A3CEFB0C-909A-465B-A4F2-FF9350B780AD}.Debug|x86.ActiveCfg = Debug|Any CPU
		{A3CEFB0C-909A-465B-A4F2-FF9350B780AD}.Debug|x86.Build.0 = Debug|Any CPU
		{A3CEFB0C-909A-465B-A4F2-FF9350B780AD}.Release|x86.ActiveCfg = Release|Any CPU
		{A3CEFB0C-909A-465B-A4F2-FF9350B780AD}.Release|x86.Build.0 = Release|Any CPU
		{B61CFDEB-4C4E-46BC-BEC6-8C3E71C0EA5A}.Debug|x86.ActiveCfg = Debug|Any CPU
		{B61CFDEB-4C4E-46BC-BEC6-8C3E71C0EA5A}.Debug|x86.Build.0 = Debug|Any CPU
		{B61CFDEB-4C4E-46BC-BEC6-8C3E71C0EA5A}.Release|x86.ActiveCfg = Release|Any CPU
		{B61CFDEB-4C4E-46BC-BEC6-8C3E71C0EA5A}.Release|x86.Build.0 = Release|Any CPU
		{E05C0B1C-9D18-4B07-B6B7-731ABD97BEB3}.Debug|x86.ActiveCfg = Debug|x86
		{E05C0B1C-9D18-4B07-B6B7-731ABD97BEB3}.Debug|x86.Build.0 = Debug|x86
		{E05C0B1C-9D18-4B07-B6B7-731ABD97BEB3}.Release|x86.ActiveCfg = Release|x86
		{E05C0B1C-9D18-4B07-B6B7-731ABD97BEB3}.Release|x86.Build.0 = Release|x86
	EndGlobalSection
	GlobalSection(MonoDevelopProperties) = preSolution
		StartupItem = IMR-patient\IMR-patient.csproj
	EndGlobalSection
EndGlobal
